Microsoft Visual Studio Solution File, Format Version 12.00
# Visual Studio Version 17
VisualStudioVersion = 17.13.35806.99 d17.13
MinimumVisualStudioVersion = 10.0.40219.1
Project("{FAE04EC0-301F-11D3-BF4B-00C04F79EFBC}") = "BveEX_RockOn_115_Http", "BveEX_RockOn_115_Http\BveEX_RockOn_115_Http.csproj", "{7B2E4C1A-8F3D-4E2B-9A6C-5D1F3E8B2C4A}"
EndProject
Global
	GlobalSection(SolutionConfigurationPlatforms) = preSolution
		Debug|Any CPU = Debug|Any CPU
		Release|Any CPU = Release|Any CPU
	EndGlobalSection
	GlobalSection(ProjectConfigurationPlatforms) = postSolution
		{7B2E4C1A-8F3D-4E2B-9A6C-5D1F3E8B2C4A}.Debug|Any CPU.ActiveCfg = Debug|Any CPU
		{7B2E4C1A-8F3D-4E2B-9A6C-5D1F3E8B2C4A}.Debug|Any CPU.Build.0 = Debug|Any CPU
		{7B2E4C1A-8F3D-4E2B-9A6C-5D1F3E8B2C4A}.Release|Any CPU.ActiveCfg = Release|Any CPU
		{7B2E4C1A-8F3D-4E2B-9A6C-5D1F3E8B2C4A}.Release|Any CPU.Build.0 = Release|Any CPU
	EndGlobalSection
	GlobalSection(SolutionProperties) = preSolution
		HideSolutionNode = FALSE
	EndGlobalSection
	GlobalSection(ExtensibilityGlobals) = postSolution
		SolutionGuid = {9A3F1D5C-6E2B-4A8F-B1D4-3C7E9F2A5B6D}
	EndGlobalSection
EndGlobal
